{
  "name": "task_4",
  "version": "1.0.0",
  "lockfileVersion": 1,
  "requires": true,
  "dependencies": {
    "conv": {
      "version": "0.4.1",
      "resolved": "https://registry.npmjs.org/conv/-/conv-0.4.1.tgz",
      "integrity": "sha1-7fOv2aZRZPeYtOmD0DS1VnNPaFc="
    },
    "crev": {
      "version": "0.0.0",
      "resolved": "https://registry.npmjs.org/crev/-/crev-0.0.0.tgz",
      "integrity": "sha512-QXffPXrUIpHnyULdyKNFJCD7CmWUdi5Sb9Y7vhwmzlvCOJ9aXGfBzYYb8Nd6uhI/rTqA/7bEokJb8fikTJ50vw=="
    },
    "crypto": {
      "version": "1.0.1",
      "resolved": "https://registry.npmjs.org/crypto/-/crypto-1.0.1.tgz",
      "integrity": "sha512-VxBKmeNcqQdiUQUW2Tzq0t377b54N2bMtXO/qiLa+6eRRmmC4qT3D4OnTGoT/U6O9aklQ/jTwbOtRMTTY8G0Ig=="
    }
  }
}